
Microsoft Visual Studio Solution File, Format Version 12.00
# Visual Studio Version 16
VisualStudioVersion = 16.0.29806.167
MinimumVisualStudioVersion = 10.0.40219.1
Project("{FAE04EC0-301F-11D3-BF4B-00C04F79EFBC}") = "CarRent", "CarRent\CarRent.csproj", "{9D270A51-D22A-4D92-A0DE-4B13FD7FD527}"
EndProject
Global
	GlobalSection(SolutionConfigurationPlatforms) = preSolution
		Debug|Any CPU = Debug|Any CPU
		Release|Any CPU = Release|Any CPU
	EndGlobalSection
	GlobalSection(ProjectConfigurationPlatforms) = postSolution
		{9D270A51-D22A-4D92-A0DE-4B13FD7FD527}.Debug|Any CPU.ActiveCfg = Debug|Any CPU
		{9D270A51-D22A-4D92-A0DE-4B13FD7FD527}.Debug|Any CPU.Build.0 = Debug|Any CPU
		{9D270A51-D22A-4D92-A0DE-4B13FD7FD527}.Release|Any CPU.ActiveCfg = Release|Any CPU
		{9D270A51-D22A-4D92-A0DE-4B13FD7FD527}.Release|Any CPU.Build.0 = Release|Any CPU
	EndGlobalSection
	GlobalSection(SolutionProperties) = preSolution
		HideSolutionNode = FALSE
	EndGlobalSection
	GlobalSection(ExtensibilityGlobals) = postSolution
		SolutionGuid = {235578A4-0B14-43B9-A0D2-4C14926CAC28}
	EndGlobalSection
EndGlobal
